
Microsoft Visual Studio Solution File, Format Version 12.00
# Visual Studio Version 17
VisualStudioVersion = 17.8.34511.84
MinimumVisualStudioVersion = 10.0.40219.1
Project("{FAE04EC0-301F-11D3-BF4B-00C04F79EFBC}") = "Task_002", "Task_002.csproj", "{AB5987D1-1BD8-4B0E-824A-A0B2FB05B2D7}"
EndProject
Global
	GlobalSection(SolutionConfigurationPlatforms) = preSolution
		Debug|Any CPU = Debug|Any CPU
		Release|Any CPU = Release|Any CPU
	EndGlobalSection
	GlobalSection(ProjectConfigurationPlatforms) = postSolution
		{AB5987D1-1BD8-4B0E-824A-A0B2FB05B2D7}.Debug|Any CPU.ActiveCfg = Debug|Any CPU
		{AB5987D1-1BD8-4B0E-824A-A0B2FB05B2D7}.Debug|Any CPU.Build.0 = Debug|Any CPU
		{AB5987D1-1BD8-4B0E-824A-A0B2FB05B2D7}.Release|Any CPU.ActiveCfg = Release|Any CPU
		{AB5987D1-1BD8-4B0E-824A-A0B2FB05B2D7}.Release|Any CPU.Build.0 = Release|Any CPU
	EndGlobalSection
	GlobalSection(SolutionProperties) = preSolution
		HideSolutionNode = FALSE
	EndGlobalSection
	GlobalSection(ExtensibilityGlobals) = postSolution
		SolutionGuid = {C3E0E6CD-2B46-44FD-A031-E3CE2D0B1743}
	EndGlobalSection
EndGlobal
